
Microsoft Visual Studio Solution File, Format Version 12.00
# Visual Studio Version 16
VisualStudioVersion = 16.0.28729.10
MinimumVisualStudioVersion = 10.0.40219.1
Project("{FAE04EC0-301F-11D3-BF4B-00C04F79EFBC}") = "Document", "Document\Document.csproj", "{7EEBCDEA-09C9-458B-B01B-4F853838AABF}"
EndProject
Global
	GlobalSection(SolutionConfigurationPlatforms) = preSolution
		Debug|Any CPU = Debug|Any CPU
		Release|Any CPU = Release|Any CPU
	EndGlobalSection
	GlobalSection(ProjectConfigurationPlatforms) = postSolution
		{7EEBCDEA-09C9-458B-B01B-4F853838AABF}.Debug|Any CPU.ActiveCfg = Debug|Any CPU
		{7EEBCDEA-09C9-458B-B01B-4F853838AABF}.Debug|Any CPU.Build.0 = Debug|Any CPU
		{7EEBCDEA-09C9-458B-B01B-4F853838AABF}.Release|Any CPU.ActiveCfg = Release|Any CPU
		{7EEBCDEA-09C9-458B-B01B-4F853838AABF}.Release|Any CPU.Build.0 = Release|Any CPU
	EndGlobalSection
	GlobalSection(SolutionProperties) = preSolution
		HideSolutionNode = FALSE
	EndGlobalSection
	GlobalSection(ExtensibilityGlobals) = postSolution
		SolutionGuid = {F49CA490-5795-40C6-B83E-9E63DB58FD59}
	EndGlobalSection
EndGlobal
